
Microsoft Visual Studio Solution File, Format Version 12.00
# Visual Studio Version 17
VisualStudioVersion = 17.4.33213.308
MinimumVisualStudioVersion = 10.0.40219.1
Project("{FAE04EC0-301F-11D3-BF4B-00C04F79EFBC}") = "Ecommerce", "Ecommerce\Ecommerce.csproj", "{970CE929-7EF5-4601-804F-A1E6F7512A4A}"
EndProject
Project("{FAE04EC0-301F-11D3-BF4B-00C04F79EFBC}") = "Ecommerce.Data", "Ecommerce.Data\Ecommerce.Data.csproj", "{72AF0156-E584-4D23-910F-FDFE5CEFF58C}"
EndProject
Project("{FAE04EC0-301F-11D3-BF4B-00C04F79EFBC}") = "Ecommerce.Model", "Ecommerce.Model\Ecommerce.Model.csproj", "{9D4405AE-0FC6-4EDA-9536-1520EB2CCEAC}"
EndProject
Global
	GlobalSection(SolutionConfigurationPlatforms) = preSolution
		Debug|Any CPU = Debug|Any CPU
		Release|Any CPU = Release|Any CPU
	EndGlobalSection
	GlobalSection(ProjectConfigurationPlatforms) = postSolution
		{970CE929-7EF5-4601-804F-A1E6F7512A4A}.Debug|Any CPU.ActiveCfg = Debug|Any CPU
		{970CE929-7EF5-4601-804F-A1E6F7512A4A}.Debug|Any CPU.Build.0 = Debug|Any CPU
		{970CE929-7EF5-4601-804F-A1E6F7512A4A}.Release|Any CPU.ActiveCfg = Release|Any CPU
		{970CE929-7EF5-4601-804F-A1E6F7512A4A}.Release|Any CPU.Build.0 = Release|Any CPU
		{72AF0156-E584-4D23-910F-FDFE5CEFF58C}.Debug|Any CPU.ActiveCfg = Debug|Any CPU
		{72AF0156-E584-4D23-910F-FDFE5CEFF58C}.Debug|Any CPU.Build.0 = Debug|Any CPU
		{72AF0156-E584-4D23-910F-FDFE5CEFF58C}.Release|Any CPU.ActiveCfg = Release|Any CPU
		{72AF0156-E584-4D23-910F-FDFE5CEFF58C}.Release|Any CPU.Build.0 = Release|Any CPU
		{9D4405AE-0FC6-4EDA-9536-1520EB2CCEAC}.Debug|Any CPU.ActiveCfg = Debug|Any CPU
		{9D4405AE-0FC6-4EDA-9536-1520EB2CCEAC}.Debug|Any CPU.Build.0 = Debug|Any CPU
		{9D4405AE-0FC6-4EDA-9536-1520EB2CCEAC}.Release|Any CPU.ActiveCfg = Release|Any CPU
		{9D4405AE-0FC6-4EDA-9536-1520EB2CCEAC}.Release|Any CPU.Build.0 = Release|Any CPU
	EndGlobalSection
	GlobalSection(SolutionProperties) = preSolution
		HideSolutionNode = FALSE
	EndGlobalSection
	GlobalSection(ExtensibilityGlobals) = postSolution
		SolutionGuid = {4AADE567-DADE-44E0-93F2-78765E9FD7F9}
	EndGlobalSection
EndGlobal
